
Microsoft Visual Studio Solution File, Format Version 12.00
# Visual Studio Version 16
VisualStudioVersion = 16.0.34407.143
MinimumVisualStudioVersion = 10.0.40219.1
Project("{FAE04EC0-301F-11D3-BF4B-00C04F79EFBC}") = "clientela", "clientela\clientela.csproj", "{8E353619-5736-4B19-9683-074298B84893}"
EndProject
Global
	GlobalSection(SolutionConfigurationPlatforms) = preSolution
		Debug|Any CPU = Debug|Any CPU
		Release|Any CPU = Release|Any CPU
	EndGlobalSection
	GlobalSection(ProjectConfigurationPlatforms) = postSolution
		{8E353619-5736-4B19-9683-074298B84893}.Debug|Any CPU.ActiveCfg = Debug|Any CPU
		{8E353619-5736-4B19-9683-074298B84893}.Debug|Any CPU.Build.0 = Debug|Any CPU
		{8E353619-5736-4B19-9683-074298B84893}.Release|Any CPU.ActiveCfg = Release|Any CPU
		{8E353619-5736-4B19-9683-074298B84893}.Release|Any CPU.Build.0 = Release|Any CPU
	EndGlobalSection
	GlobalSection(SolutionProperties) = preSolution
		HideSolutionNode = FALSE
	EndGlobalSection
	GlobalSection(ExtensibilityGlobals) = postSolution
		SolutionGuid = {1E8835E5-878D-4365-BC9C-7A2C22946D03}
	EndGlobalSection
EndGlobal
